{
	"name": "postcss-px2rpx-plugin",
	"version": "0.1.2",
	"lockfileVersion": 1,
	"requires": true,
	"dependencies": {
		"@types/node": {
			"version": "16.4.2",
			"resolved": "https://registry.npmjs.org/@types/node/-/node-16.4.2.tgz",
			"integrity": "sha512-vxyhOzFCm+jC/T5KugbVsYy1DbQM0h3NCFUrVbu0+pYa/nr+heeucpqxpa8j4pUmIGLPYzboY9zIdOF0niFAjQ==",
			"dev": true
		},
		"colorette": {
			"version": "1.2.2",
			"resolved": "http://m.local:4873/colorette/-/colorette-1.2.2.tgz",
			"integrity": "sha1-y8x51emcrqLb8Q6zom/Ys+as+pQ=",
			"dev": true
		},
		"nanoid": {
			"version": "3.1.23",
			"resolved": "http://m.local:4873/nanoid/-/nanoid-3.1.23.tgz",
			"integrity": "sha1-90QIbOfCvEfuCoRyV01ceOQYOoE=",
			"dev": true
		},
		"postcss": {
			"version": "8.3.6",
			"resolved": "http://m.local:4873/postcss/-/postcss-8.3.6.tgz",
			"integrity": "sha1-JzDddql5afN/U7mmCWGXvjEcxOo=",
			"dev": true,
			"requires": {
				"colorette": "^1.2.2",
				"nanoid": "^3.1.23",
				"source-map-js": "^0.6.2"
			}
		},
		"source-map-js": {
			"version": "0.6.2",
			"resolved": "http://m.local:4873/source-map-js/-/source-map-js-0.6.2.tgz",
			"integrity": "sha1-C7XeYxtBz72mz7qL0FqA79/SOF4=",
			"dev": true
		},
		"typescript": {
			"version": "4.3.5",
			"resolved": "https://registry.nlark.com/typescript/download/typescript-4.3.5.tgz",
			"integrity": "sha1-TRw3zBbok5c8RaBohrcRMjTxGfQ=",
			"dev": true
		}
	}
}
